
Microsoft Visual Studio Solution File, Format Version 12.00
# Visual Studio Version 17
VisualStudioVersion = 17.4.33403.182
MinimumVisualStudioVersion = 10.0.40219.1
Project("{FAE04EC0-301F-11D3-BF4B-00C04F79EFBC}") = "MatrixTransformations", "MatrixTransformations\MatrixTransformations.csproj", "{CEDEA864-3574-4A81-93B4-F2084AB64D8F}"
EndProject
Project("{FAE04EC0-301F-11D3-BF4B-00C04F79EFBC}") = "Src", "Src\Src.csproj", "{3BB91922-9A56-4E70-96E4-1867B0BC4A03}"
EndProject
Project("{FAE04EC0-301F-11D3-BF4B-00C04F79EFBC}") = "Tests", "Tests\Tests.csproj", "{52D9F800-6BBE-40A3-8AF8-B717228F7429}"
EndProject
Global
	GlobalSection(SolutionConfigurationPlatforms) = preSolution
		Debug|Any CPU = Debug|Any CPU
		Release|Any CPU = Release|Any CPU
	EndGlobalSection
	GlobalSection(ProjectConfigurationPlatforms) = postSolution
		{CEDEA864-3574-4A81-93B4-F2084AB64D8F}.Debug|Any CPU.ActiveCfg = Debug|Any CPU
		{CEDEA864-3574-4A81-93B4-F2084AB64D8F}.Debug|Any CPU.Build.0 = Debug|Any CPU
		{CEDEA864-3574-4A81-93B4-F2084AB64D8F}.Release|Any CPU.ActiveCfg = Release|Any CPU
		{CEDEA864-3574-4A81-93B4-F2084AB64D8F}.Release|Any CPU.Build.0 = Release|Any CPU
		{3BB91922-9A56-4E70-96E4-1867B0BC4A03}.Debug|Any CPU.ActiveCfg = Debug|Any CPU
		{3BB91922-9A56-4E70-96E4-1867B0BC4A03}.Debug|Any CPU.Build.0 = Debug|Any CPU
		{3BB91922-9A56-4E70-96E4-1867B0BC4A03}.Release|Any CPU.ActiveCfg = Release|Any CPU
		{3BB91922-9A56-4E70-96E4-1867B0BC4A03}.Release|Any CPU.Build.0 = Release|Any CPU
		{52D9F800-6BBE-40A3-8AF8-B717228F7429}.Debug|Any CPU.ActiveCfg = Debug|Any CPU
		{52D9F800-6BBE-40A3-8AF8-B717228F7429}.Debug|Any CPU.Build.0 = Debug|Any CPU
		{52D9F800-6BBE-40A3-8AF8-B717228F7429}.Release|Any CPU.ActiveCfg = Release|Any CPU
		{52D9F800-6BBE-40A3-8AF8-B717228F7429}.Release|Any CPU.Build.0 = Release|Any CPU
	EndGlobalSection
	GlobalSection(SolutionProperties) = preSolution
		HideSolutionNode = FALSE
	EndGlobalSection
	GlobalSection(ExtensibilityGlobals) = postSolution
		SolutionGuid = {AA600A61-CFBB-44DB-8DD9-27971F8FA29C}
	EndGlobalSection
EndGlobal
